
Microsoft Visual Studio Solution File, Format Version 12.00
# Visual Studio Version 16
VisualStudioVersion = 16.0.31829.152
MinimumVisualStudioVersion = 10.0.40219.1
Project("{FAE04EC0-301F-11D3-BF4B-00C04F79EFBC}") = "GitHubAPI", "GitHubAPI\GitHubAPI.csproj", "{A31BBC56-44AC-4ED1-BC03-BA225FA1C949}"
EndProject
Project("{2150E333-8FDC-42A3-9474-1A3956D46DE8}") = "API", "API", "{1ECBB543-1DC3-49FC-A32E-3AE4223A1B74}"
EndProject
Project("{2150E333-8FDC-42A3-9474-1A3956D46DE8}") = "Presentation", "Presentation", "{8FA38928-364D-49FE-A53C-5E4B4913D6C0}"
EndProject
Project("{2150E333-8FDC-42A3-9474-1A3956D46DE8}") = "Core", "Core", "{3171359B-5ECE-4E59-BE0C-9C0DFC953EDF}"
EndProject
Project("{2150E333-8FDC-42A3-9474-1A3956D46DE8}") = "InfraStructure", "InfraStructure", "{E4498AED-F2E6-44F9-ADAE-5088F0CAA62A}"
EndProject
Project("{2150E333-8FDC-42A3-9474-1A3956D46DE8}") = "Test", "Test", "{0232F6E8-589B-453D-A2C2-49277DC823FD}"
EndProject
Project("{FAE04EC0-301F-11D3-BF4B-00C04F79EFBC}") = "APITests", "API.IntegrationTests\APITests.csproj", "{B759E019-F96A-41EE-9CDE-834A322210A4}"
EndProject
Project("{FAE04EC0-301F-11D3-BF4B-00C04F79EFBC}") = "InfrastructureTests", "InfrastructureTests\InfrastructureTests.csproj", "{B2B10F09-981B-4229-8B26-09516F30BBBD}"
EndProject
Project("{FAE04EC0-301F-11D3-BF4B-00C04F79EFBC}") = "Core.Domain", "Core\Core.Domain.csproj", "{E7869666-8DD7-489A-BD49-F99F379CDD26}"
EndProject
Project("{FAE04EC0-301F-11D3-BF4B-00C04F79EFBC}") = "Infrastructure.ApiDocumentation", "Infrastructure\Infrastructure.ApiDocumentation.csproj", "{10FF46CF-6338-4436-80BB-C9FF39202BE8}"
EndProject
Project("{FAE04EC0-301F-11D3-BF4B-00C04F79EFBC}") = "Core.Application", "Core.Application\Core.Application.csproj", "{714BFC87-99CA-4CF5-B6B8-AD2692F6A9C2}"
EndProject
Project("{FAE04EC0-301F-11D3-BF4B-00C04F79EFBC}") = "CoreTests", "CoreTests\CoreTests.csproj", "{4F82CA7A-D0A9-41AD-9D7D-61282F4DA612}"
EndProject
Project("{FAE04EC0-301F-11D3-BF4B-00C04F79EFBC}") = "Infrastructure.GitHub", "Infrastructure.GitHub\Infrastructure.GitHub.csproj", "{AF7C9FA8-45C2-42F8-AEE8-07EA0A5FF091}"
EndProject
Project("{FAE04EC0-301F-11D3-BF4B-00C04F79EFBC}") = "Infrastructure.Service", "ServiceDependency\Infrastructure.Service.csproj", "{56F11188-669F-41F4-9682-79FE91115D4E}"
EndProject
Global
	GlobalSection(SolutionConfigurationPlatforms) = preSolution
		Debug|Any CPU = Debug|Any CPU
		Release|Any CPU = Release|Any CPU
	EndGlobalSection
	GlobalSection(ProjectConfigurationPlatforms) = postSolution
		{A31BBC56-44AC-4ED1-BC03-BA225FA1C949}.Debug|Any CPU.ActiveCfg = Debug|Any CPU
		{A31BBC56-44AC-4ED1-BC03-BA225FA1C949}.Debug|Any CPU.Build.0 = Debug|Any CPU
		{A31BBC56-44AC-4ED1-BC03-BA225FA1C949}.Release|Any CPU.ActiveCfg = Release|Any CPU
		{A31BBC56-44AC-4ED1-BC03-BA225FA1C949}.Release|Any CPU.Build.0 = Release|Any CPU
		{B759E019-F96A-41EE-9CDE-834A322210A4}.Debug|Any CPU.ActiveCfg = Debug|Any CPU
		{B759E019-F96A-41EE-9CDE-834A322210A4}.Debug|Any CPU.Build.0 = Debug|Any CPU
		{B759E019-F96A-41EE-9CDE-834A322210A4}.Release|Any CPU.ActiveCfg = Release|Any CPU
		{B759E019-F96A-41EE-9CDE-834A322210A4}.Release|Any CPU.Build.0 = Release|Any CPU
		{B2B10F09-981B-4229-8B26-09516F30BBBD}.Debug|Any CPU.ActiveCfg = Debug|Any CPU
		{B2B10F09-981B-4229-8B26-09516F30BBBD}.Debug|Any CPU.Build.0 = Debug|Any CPU
		{B2B10F09-981B-4229-8B26-09516F30BBBD}.Release|Any CPU.ActiveCfg = Release|Any CPU
		{B2B10F09-981B-4229-8B26-09516F30BBBD}.Release|Any CPU.Build.0 = Release|Any CPU
		{E7869666-8DD7-489A-BD49-F99F379CDD26}.Debug|Any CPU.ActiveCfg = Debug|Any CPU
		{E7869666-8DD7-489A-BD49-F99F379CDD26}.Debug|Any CPU.Build.0 = Debug|Any CPU
		{E7869666-8DD7-489A-BD49-F99F379CDD26}.Release|Any CPU.ActiveCfg = Release|Any CPU
		{E7869666-8DD7-489A-BD49-F99F379CDD26}.Release|Any CPU.Build.0 = Release|Any CPU
		{10FF46CF-6338-4436-80BB-C9FF39202BE8}.Debug|Any CPU.ActiveCfg = Debug|Any CPU
		{10FF46CF-6338-4436-80BB-C9FF39202BE8}.Debug|Any CPU.Build.0 = Debug|Any CPU
		{10FF46CF-6338-4436-80BB-C9FF39202BE8}.Release|Any CPU.ActiveCfg = Release|Any CPU
		{10FF46CF-6338-4436-80BB-C9FF39202BE8}.Release|Any CPU.Build.0 = Release|Any CPU
		{714BFC87-99CA-4CF5-B6B8-AD2692F6A9C2}.Debug|Any CPU.ActiveCfg = Debug|Any CPU
		{714BFC87-99CA-4CF5-B6B8-AD2692F6A9C2}.Debug|Any CPU.Build.0 = Debug|Any CPU
		{714BFC87-99CA-4CF5-B6B8-AD2692F6A9C2}.Release|Any CPU.ActiveCfg = Release|Any CPU
		{714BFC87-99CA-4CF5-B6B8-AD2692F6A9C2}.Release|Any CPU.Build.0 = Release|Any CPU
		{4F82CA7A-D0A9-41AD-9D7D-61282F4DA612}.Debug|Any CPU.ActiveCfg = Debug|Any CPU
		{4F82CA7A-D0A9-41AD-9D7D-61282F4DA612}.Debug|Any CPU.Build.0 = Debug|Any CPU
		{4F82CA7A-D0A9-41AD-9D7D-61282F4DA612}.Release|Any CPU.ActiveCfg = Release|Any CPU
		{4F82CA7A-D0A9-41AD-9D7D-61282F4DA612}.Release|Any CPU.Build.0 = Release|Any CPU
		{AF7C9FA8-45C2-42F8-AEE8-07EA0A5FF091}.Debug|Any CPU.ActiveCfg = Debug|Any CPU
		{AF7C9FA8-45C2-42F8-AEE8-07EA0A5FF091}.Debug|Any CPU.Build.0 = Debug|Any CPU
		{AF7C9FA8-45C2-42F8-AEE8-07EA0A5FF091}.Release|Any CPU.ActiveCfg = Release|Any CPU
		{AF7C9FA8-45C2-42F8-AEE8-07EA0A5FF091}.Release|Any CPU.Build.0 = Release|Any CPU
		{56F11188-669F-41F4-9682-79FE91115D4E}.Debug|Any CPU.ActiveCfg = Debug|Any CPU
		{56F11188-669F-41F4-9682-79FE91115D4E}.Debug|Any CPU.Build.0 = Debug|Any CPU
		{56F11188-669F-41F4-9682-79FE91115D4E}.Release|Any CPU.ActiveCfg = Release|Any CPU
		{56F11188-669F-41F4-9682-79FE91115D4E}.Release|Any CPU.Build.0 = Release|Any CPU
	EndGlobalSection
	GlobalSection(SolutionProperties) = preSolution
		HideSolutionNode = FALSE
	EndGlobalSection
	GlobalSection(NestedProjects) = preSolution
		{A31BBC56-44AC-4ED1-BC03-BA225FA1C949} = {1ECBB543-1DC3-49FC-A32E-3AE4223A1B74}
		{B759E019-F96A-41EE-9CDE-834A322210A4} = {0232F6E8-589B-453D-A2C2-49277DC823FD}
		{B2B10F09-981B-4229-8B26-09516F30BBBD} = {0232F6E8-589B-453D-A2C2-49277DC823FD}
		{E7869666-8DD7-489A-BD49-F99F379CDD26} = {3171359B-5ECE-4E59-BE0C-9C0DFC953EDF}
		{10FF46CF-6338-4436-80BB-C9FF39202BE8} = {E4498AED-F2E6-44F9-ADAE-5088F0CAA62A}
		{714BFC87-99CA-4CF5-B6B8-AD2692F6A9C2} = {3171359B-5ECE-4E59-BE0C-9C0DFC953EDF}
		{4F82CA7A-D0A9-41AD-9D7D-61282F4DA612} = {0232F6E8-589B-453D-A2C2-49277DC823FD}
		{AF7C9FA8-45C2-42F8-AEE8-07EA0A5FF091} = {E4498AED-F2E6-44F9-ADAE-5088F0CAA62A}
		{56F11188-669F-41F4-9682-79FE91115D4E} = {E4498AED-F2E6-44F9-ADAE-5088F0CAA62A}
	EndGlobalSection
	GlobalSection(ExtensibilityGlobals) = postSolution
		SolutionGuid = {354260A8-58A1-498E-A2A3-72C18B2C4F05}
	EndGlobalSection
EndGlobal
